
Microsoft Visual Studio Solution File, Format Version 12.00
# Visual Studio Version 16
VisualStudioVersion = 16.0.32802.440
MinimumVisualStudioVersion = 10.0.40219.1
Project("{FAE04EC0-301F-11D3-BF4B-00C04F79EFBC}") = "IoT Device Management API", "IoT Device Management API\IoT Device Management API.csproj", "{2705E8C6-F525-4C94-9582-07A2103CA4FA}"
EndProject
Global
	GlobalSection(SolutionConfigurationPlatforms) = preSolution
		Debug|Any CPU = Debug|Any CPU
		Release|Any CPU = Release|Any CPU
	EndGlobalSection
	GlobalSection(ProjectConfigurationPlatforms) = postSolution
		{2705E8C6-F525-4C94-9582-07A2103CA4FA}.Debug|Any CPU.ActiveCfg = Debug|Any CPU
		{2705E8C6-F525-4C94-9582-07A2103CA4FA}.Debug|Any CPU.Build.0 = Debug|Any CPU
		{2705E8C6-F525-4C94-9582-07A2103CA4FA}.Release|Any CPU.ActiveCfg = Release|Any CPU
		{2705E8C6-F525-4C94-9582-07A2103CA4FA}.Release|Any CPU.Build.0 = Release|Any CPU
	EndGlobalSection
	GlobalSection(SolutionProperties) = preSolution
		HideSolutionNode = FALSE
	EndGlobalSection
	GlobalSection(ExtensibilityGlobals) = postSolution
		SolutionGuid = {46A3339D-98F1-436F-89DE-2B26A1883AFE}
	EndGlobalSection
EndGlobal
